{
  "name": "virava",
  "version": "1.2.0",
  "lockfileVersion": 2,
  "requires": true,
  "packages": {
    "": {
      "name": "virava",
      "version": "1.2.0",
      "license": "ISC",
      "dependencies": {
        "form-urlencoded": "^6.0.5",
        "jwt-decode": "^3.1.2",
        "keycloak-js": "^20.0.1",
        "typescript": "^4.4.4"
      }
    },
    "node_modules/base64-js": {
      "version": "1.5.1",
      "resolved": "https://registry.npmjs.org/base64-js/-/base64-js-1.5.1.tgz",
      "integrity": "sha512-AKpaYlHn8t4SVbOHCy+b5+KKgvR4vrsD8vbvrbiQJps7fKDTkjkDry6ji0rUJjC0kzbNePLwzxq8iypo41qeWA==",
      "funding": [
        {
          "type": "github",
          "url": "https://github.com/sponsors/feross"
        },
        {
          "type": "patreon",
          "url": "https://www.patreon.com/feross"
        },
        {
          "type": "consulting",
          "url": "https://feross.org/support"
        }
      ]
    },
    "node_modules/form-urlencoded": {
      "version": "6.1.0",
      "resolved": "https://registry.npmjs.org/form-urlencoded/-/form-urlencoded-6.1.0.tgz",
      "integrity": "sha512-lc1Qd9nnEewXKoiPjIA1n38M5STbyY6krgoegsg7SsAt2b98HZKe25KaJvKFBwQaOcmh8FP7JbXVC7gocZw+XQ=="
    },
    "node_modules/js-sha256": {
      "version": "0.9.0",
      "resolved": "https://registry.npmjs.org/js-sha256/-/js-sha256-0.9.0.tgz",
      "integrity": "sha512-sga3MHh9sgQN2+pJ9VYZ+1LPwXOxuBJBA5nrR5/ofPfuiJBE2hnjsaN8se8JznOmGLN2p49Pe5U/ttafcs/apA=="
    },
    "node_modules/jwt-decode": {
      "version": "3.1.2",
      "resolved": "https://registry.npmjs.org/jwt-decode/-/jwt-decode-3.1.2.tgz",
      "integrity": "sha512-UfpWE/VZn0iP50d8cz9NrZLM9lSWhcJ+0Gt/nm4by88UL+J1SiKN8/5dkjMmbEzwL2CAe+67GsegCbIKtbp75A=="
    },
    "node_modules/keycloak-js": {
      "version": "20.0.1",
      "resolved": "https://registry.npmjs.org/keycloak-js/-/keycloak-js-20.0.1.tgz",
      "integrity": "sha512-YNj0X0mmdLpqjB9W5DTAVDI14CzZs7RFn9T/t/g8Uq80OjaW2zZUis/g73aWwz04S3B6U6Vrg8h1wAMGbx2NQQ==",
      "dependencies": {
        "base64-js": "^1.5.1",
        "js-sha256": "^0.9.0"
      }
    },
    "node_modules/typescript": {
      "version": "4.8.4",
      "resolved": "https://registry.npmjs.org/typescript/-/typescript-4.8.4.tgz",
      "integrity": "sha512-QCh+85mCy+h0IGff8r5XWzOVSbBO+KfeYrMQh7NJ58QujwcE22u+NUSmUxqF+un70P9GXKxa2HCNiTTMJknyjQ==",
      "bin": {
        "tsc": "bin/tsc",
        "tsserver": "bin/tsserver"
      },
      "engines": {
        "node": ">=4.2.0"
      }
    }
  },
  "dependencies": {
    "base64-js": {
      "version": "1.5.1",
      "resolved": "https://registry.npmjs.org/base64-js/-/base64-js-1.5.1.tgz",
      "integrity": "sha512-AKpaYlHn8t4SVbOHCy+b5+KKgvR4vrsD8vbvrbiQJps7fKDTkjkDry6ji0rUJjC0kzbNePLwzxq8iypo41qeWA=="
    },
    "form-urlencoded": {
      "version": "6.1.0",
      "resolved": "https://registry.npmjs.org/form-urlencoded/-/form-urlencoded-6.1.0.tgz",
      "integrity": "sha512-lc1Qd9nnEewXKoiPjIA1n38M5STbyY6krgoegsg7SsAt2b98HZKe25KaJvKFBwQaOcmh8FP7JbXVC7gocZw+XQ=="
    },
    "js-sha256": {
      "version": "0.9.0",
      "resolved": "https://registry.npmjs.org/js-sha256/-/js-sha256-0.9.0.tgz",
      "integrity": "sha512-sga3MHh9sgQN2+pJ9VYZ+1LPwXOxuBJBA5nrR5/ofPfuiJBE2hnjsaN8se8JznOmGLN2p49Pe5U/ttafcs/apA=="
    },
    "jwt-decode": {
      "version": "3.1.2",
      "resolved": "https://registry.npmjs.org/jwt-decode/-/jwt-decode-3.1.2.tgz",
      "integrity": "sha512-UfpWE/VZn0iP50d8cz9NrZLM9lSWhcJ+0Gt/nm4by88UL+J1SiKN8/5dkjMmbEzwL2CAe+67GsegCbIKtbp75A=="
    },
    "keycloak-js": {
      "version": "20.0.1",
      "resolved": "https://registry.npmjs.org/keycloak-js/-/keycloak-js-20.0.1.tgz",
      "integrity": "sha512-YNj0X0mmdLpqjB9W5DTAVDI14CzZs7RFn9T/t/g8Uq80OjaW2zZUis/g73aWwz04S3B6U6Vrg8h1wAMGbx2NQQ==",
      "requires": {
        "base64-js": "^1.5.1",
        "js-sha256": "^0.9.0"
      }
    },
    "typescript": {
      "version": "4.8.4",
      "resolved": "https://registry.npmjs.org/typescript/-/typescript-4.8.4.tgz",
      "integrity": "sha512-QCh+85mCy+h0IGff8r5XWzOVSbBO+KfeYrMQh7NJ58QujwcE22u+NUSmUxqF+un70P9GXKxa2HCNiTTMJknyjQ=="
    }
  }
}
